[ "httpotion": {:git, "git://github.com/myfreeweb/httpotion.git", "94b0fdb7bb1f5322791e3a309f2e06d0b8ab9ef3", []},
  "ibrowse": {:git, "git://github.com/cmullaparthi/ibrowse.git", "7871e2ebe8811efb64e1917e2de455fa87e8dfe3", [tag: "v4.1.0"]},
  "yamler": {:git, "git://github.com/superbobry/yamler.git", "a758cbbf6c90222955a76a9dfe6b93c88b52f3a2", []} ]
